
Microsoft Visual Studio Solution File, Format Version 12.00
# Visual Studio 14
VisualStudioVersion = 14.0.25420.1
MinimumVisualStudioVersion = 10.0.40219.1
Project("{FAE04EC0-301F-11D3-BF4B-00C04F79EFBC}") = "EngineUtil", "EngineUtil\EngineUtil.csproj", "{12064665-29B1-4C17-BFE6-EE32F824F11A}"
EndProject
Project("{FAE04EC0-301F-11D3-BF4B-00C04F79EFBC}") = "MainView", "MainView\MainView.csproj", "{0EAFCFD9-2826-4FAB-8CB5-08A7F03D172E}"
EndProject
Global
	GlobalSection(SolutionConfigurationPlatforms) = preSolution
		Debug|Any CPU = Debug|Any CPU
		Debug|Mixed Platforms = Debug|Mixed Platforms
		Debug|x86 = Debug|x86
		Release|Any CPU = Release|Any CPU
		Release|Mixed Platforms = Release|Mixed Platforms
		Release|x86 = Release|x86
	EndGlobalSection
	GlobalSection(ProjectConfigurationPlatforms) = postSolution
		{12064665-29B1-4C17-BFE6-EE32F824F11A}.Debug|Any CPU.ActiveCfg = Debug|Any CPU
		{12064665-29B1-4C17-BFE6-EE32F824F11A}.Debug|Any CPU.Build.0 = Debug|Any CPU
		{12064665-29B1-4C17-BFE6-EE32F824F11A}.Debug|Mixed Platforms.ActiveCfg = Debug|Any CPU
		{12064665-29B1-4C17-BFE6-EE32F824F11A}.Debug|Mixed Platforms.Build.0 = Debug|Any CPU
		{12064665-29B1-4C17-BFE6-EE32F824F11A}.Debug|x86.ActiveCfg = Debug|Any CPU
		{12064665-29B1-4C17-BFE6-EE32F824F11A}.Release|Any CPU.ActiveCfg = Release|Any CPU
		{12064665-29B1-4C17-BFE6-EE32F824F11A}.Release|Any CPU.Build.0 = Release|Any CPU
		{12064665-29B1-4C17-BFE6-EE32F824F11A}.Release|Mixed Platforms.ActiveCfg = Release|Any CPU
		{12064665-29B1-4C17-BFE6-EE32F824F11A}.Release|Mixed Platforms.Build.0 = Release|Any CPU
		{12064665-29B1-4C17-BFE6-EE32F824F11A}.Release|x86.ActiveCfg = Release|Any CPU
		{0EAFCFD9-2826-4FAB-8CB5-08A7F03D172E}.Debug|Any CPU.ActiveCfg = Debug|x86
		{0EAFCFD9-2826-4FAB-8CB5-08A7F03D172E}.Debug|Mixed Platforms.ActiveCfg = Debug|x86
		{0EAFCFD9-2826-4FAB-8CB5-08A7F03D172E}.Debug|Mixed Platforms.Build.0 = Debug|x86
		{0EAFCFD9-2826-4FAB-8CB5-08A7F03D172E}.Debug|x86.ActiveCfg = Debug|x86
		{0EAFCFD9-2826-4FAB-8CB5-08A7F03D172E}.Debug|x86.Build.0 = Debug|x86
		{0EAFCFD9-2826-4FAB-8CB5-08A7F03D172E}.Release|Any CPU.ActiveCfg = Release|x86
		{0EAFCFD9-2826-4FAB-8CB5-08A7F03D172E}.Release|Mixed Platforms.ActiveCfg = Release|x86
		{0EAFCFD9-2826-4FAB-8CB5-08A7F03D172E}.Release|Mixed Platforms.Build.0 = Release|x86
		{0EAFCFD9-2826-4FAB-8CB5-08A7F03D172E}.Release|x86.ActiveCfg = Release|x86
		{0EAFCFD9-2826-4FAB-8CB5-08A7F03D172E}.Release|x86.Build.0 = Release|x86
	EndGlobalSection
	GlobalSection(SolutionProperties) = preSolution
		HideSolutionNode = FALSE
	EndGlobalSection
EndGlobal
